
Microsoft Visual Studio Solution File, Format Version 12.00
# Visual Studio Version 17
VisualStudioVersion = 17.9.34728.123
MinimumVisualStudioVersion = 10.0.40219.1
Project("{FAE04EC0-301F-11D3-BF4B-00C04F79EFBC}") = "Quan_ly_kho", "Quan_ly_kho\Quan_ly_kho.csproj", "{B418C050-D032-40A4-BC29-4FA387B488F4}"
EndProject
Project("{54435603-DBB4-11D2-8724-00A0C9A8B90C}") = "ManageDeviceSetup", "ManageDeviceSetup\ManageDeviceSetup.vdproj", "{2A4D85E1-A2DE-4205-9F2F-B04D68E61132}"
EndProject
Global
	GlobalSection(SolutionConfigurationPlatforms) = preSolution
		Debug|Any CPU = Debug|Any CPU
		Release|Any CPU = Release|Any CPU
	EndGlobalSection
	GlobalSection(ProjectConfigurationPlatforms) = postSolution
		{B418C050-D032-40A4-BC29-4FA387B488F4}.Debug|Any CPU.ActiveCfg = Debug|Any CPU
		{B418C050-D032-40A4-BC29-4FA387B488F4}.Debug|Any CPU.Build.0 = Debug|Any CPU
		{B418C050-D032-40A4-BC29-4FA387B488F4}.Release|Any CPU.ActiveCfg = Release|Any CPU
		{B418C050-D032-40A4-BC29-4FA387B488F4}.Release|Any CPU.Build.0 = Release|Any CPU
		{2A4D85E1-A2DE-4205-9F2F-B04D68E61132}.Debug|Any CPU.ActiveCfg = Debug
		{2A4D85E1-A2DE-4205-9F2F-B04D68E61132}.Release|Any CPU.ActiveCfg = Release
	EndGlobalSection
	GlobalSection(SolutionProperties) = preSolution
		HideSolutionNode = FALSE
	EndGlobalSection
	GlobalSection(ExtensibilityGlobals) = postSolution
		SolutionGuid = {586B27A8-3B89-4F6E-8DE7-811AF2A7D1F6}
	EndGlobalSection
EndGlobal
